
Microsoft Visual Studio Solution File, Format Version 12.00
# Visual Studio Version 16
VisualStudioVersion = 16.0.31205.134
MinimumVisualStudioVersion = 10.0.40219.1
Project("{FAE04EC0-301F-11D3-BF4B-00C04F79EFBC}") = "TAI_Projekt", "TAI_Projekt\TAI_Projekt.csproj", "{FC8111E2-21F9-42BD-9321-4821C5F923D5}"
EndProject
Global
	GlobalSection(SolutionConfigurationPlatforms) = preSolution
		Debug|Any CPU = Debug|Any CPU
		Release|Any CPU = Release|Any CPU
	EndGlobalSection
	GlobalSection(ProjectConfigurationPlatforms) = postSolution
		{FC8111E2-21F9-42BD-9321-4821C5F923D5}.Debug|Any CPU.ActiveCfg = Debug|Any CPU
		{FC8111E2-21F9-42BD-9321-4821C5F923D5}.Debug|Any CPU.Build.0 = Debug|Any CPU
		{FC8111E2-21F9-42BD-9321-4821C5F923D5}.Release|Any CPU.ActiveCfg = Release|Any CPU
		{FC8111E2-21F9-42BD-9321-4821C5F923D5}.Release|Any CPU.Build.0 = Release|Any CPU
	EndGlobalSection
	GlobalSection(SolutionProperties) = preSolution
		HideSolutionNode = FALSE
	EndGlobalSection
	GlobalSection(ExtensibilityGlobals) = postSolution
		SolutionGuid = {BB618160-9E71-4AA4-BD2C-4170CE93B61C}
	EndGlobalSection
EndGlobal
